Microsoft Visual Studio Solution File, Format Version 12.00
# Visual Studio Version 17
VisualStudioVersion = 17.0.32014.148
MinimumVisualStudioVersion = 10.0.40219.1
Project("{FAE04EC0-301F-11D3-BF4B-00C04F79EFBC}") = "WhoSaidQuietCallouts", "WhoSaidQuietCallouts.csproj", "{28F9B38E-94D8-4963-AE2B-4A5BECE2687F}"
EndProject
Global
	GlobalSection(SolutionConfigurationPlatforms) = preSolution
		Debug|x64 = Debug|x64
		Release|x64 = Release|x64
	EndGlobalSection
	GlobalSection(ProjectConfigurationPlatforms) = postSolution
		{28F9B38E-94D8-4963-AE2B-4A5BECE2687F}.Debug|x64.ActiveCfg = Debug|x64
		{28F9B38E-94D8-4963-AE2B-4A5BECE2687F}.Debug|x64.Build.0 = Debug|x64
		{28F9B38E-94D8-4963-AE2B-4A5BECE2687F}.Release|x64.ActiveCfg = Release|x64
		{28F9B38E-94D8-4963-AE2B-4A5BECE2687F}.Release|x64.Build.0 = Release|x64
	EndGlobalSection
	GlobalSection(SolutionProperties) = preSolution
		HideSolutionNode = FALSE
	EndGlobalSection
	GlobalSection(ExtensibilityGlobals) = postSolution
		SolutionGuid = {A1F5D68D-D7BF-4D3E-91C3-1B2CC68F39BF}
	EndGlobalSection
EndGlobal
